
Microsoft Visual Studio Solution File, Format Version 12.00
# Visual Studio Version 16
VisualStudioVersion = 16.0.30621.155
MinimumVisualStudioVersion = 10.0.40219.1
Project("{FAE04EC0-301F-11D3-BF4B-00C04F79EFBC}") = "CustomXamarin.Android", "CustomXamarin\CustomXamarin.Android\CustomXamarin.Android.csproj", "{A1497840-76D2-402E-8028-B4663AEDCE5D}"
EndProject
Project("{FAE04EC0-301F-11D3-BF4B-00C04F79EFBC}") = "CustomXamarin.iOS", "CustomXamarin\CustomXamarin.iOS\CustomXamarin.iOS.csproj", "{EC26A660-BF9E-4456-9837-0D3F3A79CB58}"
EndProject
Project("{FAE04EC0-301F-11D3-BF4B-00C04F79EFBC}") = "CustomXamarin", "CustomXamarin\CustomXamarin\CustomXamarin.csproj", "{312FA2AE-A5B2-49F4-B9B7-425C0D807F97}"
EndProject
Global
	GlobalSection(SolutionConfigurationPlatforms) = preSolution
		Debug|Any CPU = Debug|Any CPU
		Debug|iPhone = Debug|iPhone
		Debug|iPhoneSimulator = Debug|iPhoneSimulator
		Release|Any CPU = Release|Any CPU
		Release|iPhone = Release|iPhone
		Release|iPhoneSimulator = Release|iPhoneSimulator
	EndGlobalSection
	GlobalSection(ProjectConfigurationPlatforms) = postSolution
		{A1497840-76D2-402E-8028-B4663AEDCE5D}.Debug|Any CPU.ActiveCfg = Debug|Any CPU
		{A1497840-76D2-402E-8028-B4663AEDCE5D}.Debug|Any CPU.Build.0 = Debug|Any CPU
		{A1497840-76D2-402E-8028-B4663AEDCE5D}.Debug|Any CPU.Deploy.0 = Debug|Any CPU
		{A1497840-76D2-402E-8028-B4663AEDCE5D}.Debug|iPhone.ActiveCfg = Debug|Any CPU
		{A1497840-76D2-402E-8028-B4663AEDCE5D}.Debug|iPhone.Build.0 = Debug|Any CPU
		{A1497840-76D2-402E-8028-B4663AEDCE5D}.Debug|iPhone.Deploy.0 = Debug|Any CPU
		{A1497840-76D2-402E-8028-B4663AEDCE5D}.Debug|iPhoneSimulator.ActiveCfg = Debug|Any CPU
		{A1497840-76D2-402E-8028-B4663AEDCE5D}.Debug|iPhoneSimulator.Build.0 = Debug|Any CPU
		{A1497840-76D2-402E-8028-B4663AEDCE5D}.Debug|iPhoneSimulator.Deploy.0 = Debug|Any CPU
		{A1497840-76D2-402E-8028-B4663AEDCE5D}.Release|Any CPU.ActiveCfg = Release|Any CPU
		{A1497840-76D2-402E-8028-B4663AEDCE5D}.Release|Any CPU.Build.0 = Release|Any CPU
		{A1497840-76D2-402E-8028-B4663AEDCE5D}.Release|Any CPU.Deploy.0 = Release|Any CPU
		{A1497840-76D2-402E-8028-B4663AEDCE5D}.Release|iPhone.ActiveCfg = Release|Any CPU
		{A1497840-76D2-402E-8028-B4663AEDCE5D}.Release|iPhone.Build.0 = Release|Any CPU
		{A1497840-76D2-402E-8028-B4663AEDCE5D}.Release|iPhone.Deploy.0 = Release|Any CPU
		{A1497840-76D2-402E-8028-B4663AEDCE5D}.Release|iPhoneSimulator.ActiveCfg = Release|Any CPU
		{A1497840-76D2-402E-8028-B4663AEDCE5D}.Release|iPhoneSimulator.Build.0 = Release|Any CPU
		{A1497840-76D2-402E-8028-B4663AEDCE5D}.Release|iPhoneSimulator.Deploy.0 = Release|Any CPU
		{EC26A660-BF9E-4456-9837-0D3F3A79CB58}.Debug|Any CPU.ActiveCfg = Debug|iPhone
		{EC26A660-BF9E-4456-9837-0D3F3A79CB58}.Debug|Any CPU.Build.0 = Debug|iPhone
		{EC26A660-BF9E-4456-9837-0D3F3A79CB58}.Debug|Any CPU.Deploy.0 = Debug|iPhone
		{EC26A660-BF9E-4456-9837-0D3F3A79CB58}.Debug|iPhone.ActiveCfg = Debug|iPhone
		{EC26A660-BF9E-4456-9837-0D3F3A79CB58}.Debug|iPhone.Build.0 = Debug|iPhone
		{EC26A660-BF9E-4456-9837-0D3F3A79CB58}.Debug|iPhone.Deploy.0 = Debug|iPhone
		{EC26A660-BF9E-4456-9837-0D3F3A79CB58}.Debug|iPhoneSimulator.ActiveCfg = Debug|iPhoneSimulator
		{EC26A660-BF9E-4456-9837-0D3F3A79CB58}.Debug|iPhoneSimulator.Build.0 = Debug|iPhoneSimulator
		{EC26A660-BF9E-4456-9837-0D3F3A79CB58}.Debug|iPhoneSimulator.Deploy.0 = Debug|iPhoneSimulator
		{EC26A660-BF9E-4456-9837-0D3F3A79CB58}.Release|Any CPU.ActiveCfg = Release|iPhoneSimulator
		{EC26A660-BF9E-4456-9837-0D3F3A79CB58}.Release|Any CPU.Build.0 = Release|iPhoneSimulator
		{EC26A660-BF9E-4456-9837-0D3F3A79CB58}.Release|Any CPU.Deploy.0 = Release|iPhoneSimulator
		{EC26A660-BF9E-4456-9837-0D3F3A79CB58}.Release|iPhone.ActiveCfg = Release|iPhone
		{EC26A660-BF9E-4456-9837-0D3F3A79CB58}.Release|iPhone.Build.0 = Release|iPhone
		{EC26A660-BF9E-4456-9837-0D3F3A79CB58}.Release|iPhone.Deploy.0 = Release|iPhone
		{EC26A660-BF9E-4456-9837-0D3F3A79CB58}.Release|iPhoneSimulator.ActiveCfg = Release|iPhoneSimulator
		{EC26A660-BF9E-4456-9837-0D3F3A79CB58}.Release|iPhoneSimulator.Build.0 = Release|iPhoneSimulator
		{EC26A660-BF9E-4456-9837-0D3F3A79CB58}.Release|iPhoneSimulator.Deploy.0 = Release|iPhoneSimulator
		{312FA2AE-A5B2-49F4-B9B7-425C0D807F97}.Debug|Any CPU.ActiveCfg = Debug|Any CPU
		{312FA2AE-A5B2-49F4-B9B7-425C0D807F97}.Debug|Any CPU.Build.0 = Debug|Any CPU
		{312FA2AE-A5B2-49F4-B9B7-425C0D807F97}.Debug|Any CPU.Deploy.0 = Debug|Any CPU
		{312FA2AE-A5B2-49F4-B9B7-425C0D807F97}.Debug|iPhone.ActiveCfg = Debug|Any CPU
		{312FA2AE-A5B2-49F4-B9B7-425C0D807F97}.Debug|iPhone.Build.0 = Debug|Any CPU
		{312FA2AE-A5B2-49F4-B9B7-425C0D807F97}.Debug|iPhone.Deploy.0 = Debug|Any CPU
		{312FA2AE-A5B2-49F4-B9B7-425C0D807F97}.Debug|iPhoneSimulator.ActiveCfg = Debug|Any CPU
		{312FA2AE-A5B2-49F4-B9B7-425C0D807F97}.Debug|iPhoneSimulator.Build.0 = Debug|Any CPU
		{312FA2AE-A5B2-49F4-B9B7-425C0D807F97}.Debug|iPhoneSimulator.Deploy.0 = Debug|Any CPU
		{312FA2AE-A5B2-49F4-B9B7-425C0D807F97}.Release|Any CPU.ActiveCfg = Release|Any CPU
		{312FA2AE-A5B2-49F4-B9B7-425C0D807F97}.Release|Any CPU.Build.0 = Release|Any CPU
		{312FA2AE-A5B2-49F4-B9B7-425C0D807F97}.Release|Any CPU.Deploy.0 = Release|Any CPU
		{312FA2AE-A5B2-49F4-B9B7-425C0D807F97}.Release|iPhone.ActiveCfg = Release|Any CPU
		{312FA2AE-A5B2-49F4-B9B7-425C0D807F97}.Release|iPhone.Build.0 = Release|Any CPU
		{312FA2AE-A5B2-49F4-B9B7-425C0D807F97}.Release|iPhone.Deploy.0 = Release|Any CPU
		{312FA2AE-A5B2-49F4-B9B7-425C0D807F97}.Release|iPhoneSimulator.ActiveCfg = Release|Any CPU
		{312FA2AE-A5B2-49F4-B9B7-425C0D807F97}.Release|iPhoneSimulator.Build.0 = Release|Any CPU
		{312FA2AE-A5B2-49F4-B9B7-425C0D807F97}.Release|iPhoneSimulator.Deploy.0 = Release|Any CPU
	EndGlobalSection
	GlobalSection(SolutionProperties) = preSolution
		HideSolutionNode = FALSE
	EndGlobalSection
	GlobalSection(ExtensibilityGlobals) = postSolution
		SolutionGuid = {83A97051-FB8D-46AD-98BE-B1A282513437}
	EndGlobalSection
EndGlobal
